
Microsoft Visual Studio Solution File, Format Version 12.00
# Visual Studio Version 17
VisualStudioVersion = 17.9.34622.214
MinimumVisualStudioVersion = 10.0.40219.1
Project("{FAE04EC0-301F-11D3-BF4B-00C04F79EFBC}") = "Sitefinity_Web", "Sitefinity_Web.csproj", "{0BF36415-7739-4304-AA22-F39322745AC4}"
EndProject
Global
	GlobalSection(SolutionConfigurationPlatforms) = preSolution
		Debug|Any CPU = Debug|Any CPU
		Release|Any CPU = Release|Any CPU
	EndGlobalSection
	GlobalSection(ProjectConfigurationPlatforms) = postSolution
		{0BF36415-7739-4304-AA22-F39322745AC4}.Debug|Any CPU.ActiveCfg = Debug|Any CPU
		{0BF36415-7739-4304-AA22-F39322745AC4}.Debug|Any CPU.Build.0 = Debug|Any CPU
		{0BF36415-7739-4304-AA22-F39322745AC4}.Release|Any CPU.ActiveCfg = Release|Any CPU
		{0BF36415-7739-4304-AA22-F39322745AC4}.Release|Any CPU.Build.0 = Release|Any CPU
	EndGlobalSection
	GlobalSection(SolutionProperties) = preSolution
		HideSolutionNode = FALSE
	EndGlobalSection
	GlobalSection(ExtensibilityGlobals) = postSolution
		SolutionGuid = {7B48408F-5B60-4376-B44A-224532A446B5}
	EndGlobalSection
EndGlobal
